
Microsoft Visual Studio Solution File, Format Version 12.00
# Visual Studio Version 17
VisualStudioVersion = 17.2.32526.322
MinimumVisualStudioVersion = 10.0.40219.1
Project("{FAE04EC0-301F-11D3-BF4B-00C04F79EFBC}") = "SearchingAlgorithms", "SearchingAlgorithms\SearchingAlgorithms.csproj", "{0D0D5B27-233E-481B-B170-4B0613CA7241}"
EndProject
Global
	GlobalSection(SolutionConfigurationPlatforms) = preSolution
		Debug|Any CPU = Debug|Any CPU
		Release|Any CPU = Release|Any CPU
	EndGlobalSection
	GlobalSection(ProjectConfigurationPlatforms) = postSolution
		{0D0D5B27-233E-481B-B170-4B0613CA7241}.Debug|Any CPU.ActiveCfg = Debug|Any CPU
		{0D0D5B27-233E-481B-B170-4B0613CA7241}.Debug|Any CPU.Build.0 = Debug|Any CPU
		{0D0D5B27-233E-481B-B170-4B0613CA7241}.Release|Any CPU.ActiveCfg = Release|Any CPU
		{0D0D5B27-233E-481B-B170-4B0613CA7241}.Release|Any CPU.Build.0 = Release|Any CPU
	EndGlobalSection
	GlobalSection(SolutionProperties) = preSolution
		HideSolutionNode = FALSE
	EndGlobalSection
	GlobalSection(ExtensibilityGlobals) = postSolution
		SolutionGuid = {0C9A80EB-E61C-4DD7-8C5C-1B604BCECBEB}
	EndGlobalSection
EndGlobal
